// !$*UTF8*$!
{
	archiveVersion = 1;
	classes = {
	};
	objectVersion = 50;
	objects = {

/* Begin PBXBuildFile section */
		2221278E23FDBFD60082C1C1 /* Coaching.swift in Sources */ = {isa = PBXBuildFile; fileRef = 2221278D23FDBFD60082C1C1 /* Coaching.swift */; };
		2286420723F72D5D00E0F4D5 /* AppDelegate.swift in Sources */ = {isa = PBXBuildFile; fileRef = 2286420623F72D5D00E0F4D5 /* AppDelegate.swift */; };
		2286420923F72D5D00E0F4D5 /* art.scnassets in Resources */ = {isa = PBXBuildFile; fileRef = 2286420823F72D5D00E0F4D5 /* art.scnassets */; };
		2286420B23F72D5D00E0F4D5 /* TowerViewController.swift in Sources */ = {isa = PBXBuildFile; fileRef = 2286420A23F72D5D00E0F4D5 /* TowerViewController.swift */; };
		2286420E23F72D5D00E0F4D5 /* Main.storyboard in Resources */ = {isa = PBXBuildFile; fileRef = 2286420C23F72D5D00E0F4D5 /* Main.storyboard */; };
		2286421023F72D6100E0F4D5 /* Assets.xcassets in Resources */ = {isa = PBXBuildFile; fileRef = 2286420F23F72D6100E0F4D5 /* Assets.xcassets */; };
		2286421323F72D6100E0F4D5 /* LaunchScreen.storyboard in Resources */ = {isa = PBXBuildFile; fileRef = 2286421123F72D6100E0F4D5 /* LaunchScreen.storyboard */; };
		2286421D23F72F2300E0F4D5 /* Tower.swift in Sources */ = {isa = PBXBuildFile; fileRef = 2286421C23F72F2300E0F4D5 /* Tower.swift */; };
		2286421F23F72FA400E0F4D5 /* Ghost.swift in Sources */ = {isa = PBXBuildFile; fileRef = 2286421E23F72FA400E0F4D5 /* Ghost.swift */; };
		2286422223F7302C00E0F4D5 /* ImpactFeedback.swift in Sources */ = {isa = PBXBuildFile; fileRef = 2286422123F7302C00E0F4D5 /* ImpactFeedback.swift */; };
		2286422A23F735DA00E0F4D5 /* TowerDefenceARViewDelegate.swift in Sources */ = {isa = PBXBuildFile; fileRef = 2286422923F735DA00E0F4D5 /* TowerDefenceARViewDelegate.swift */; };
		2286422C23F736A300E0F4D5 /* TowerDefenceScene.swift in Sources */ = {isa = PBXBuildFile; fileRef = 2286422B23F736A300E0F4D5 /* TowerDefenceScene.swift */; };
		2286423023FB1BC800E0F4D5 /* SCNReferenceNode.swift in Sources */ = {isa = PBXBuildFile; fileRef = 2286422F23FB1BC800E0F4D5 /* SCNReferenceNode.swift */; };
		82262CDF23FF07B200D8A836 /* Music.swift in Sources */ = {isa = PBXBuildFile; fileRef = 82262CDE23FF07B200D8A836 /* Music.swift */; };
		82262CE323FF08C500D8A836 /* ghost.mp3 in Resources */ = {isa = PBXBuildFile; fileRef = 82262CE223FF08C500D8A836 /* ghost.mp3 */; };
		8251E24123FEF92A006F3ED8 /* Score.swift in Sources */ = {isa = PBXBuildFile; fileRef = 8251E24023FEF92A006F3ED8 /* Score.swift */; };
		8251E24423FF0006006F3ED8 /* UserDefault.swift in Sources */ = {isa = PBXBuildFile; fileRef = 8251E24323FF0006006F3ED8 /* UserDefault.swift */; };
		8251E24623FF0315006F3ED8 /* HighScore.swift in Sources */ = {isa = PBXBuildFile; fileRef = 8251E24523FF0315006F3ED8 /* HighScore.swift */; };
/* End PBXBuildFile section */

/* Begin PBXFileReference section */
		2221278D23FDBFD60082C1C1 /* Coaching.swift */ = {isa = PBXFileReference; lastKnownFileType = sourcecode.swift; path = Coaching.swift; sourceTree = "<group>"; };
		2286420323F72D5D00E0F4D5 /* TowerDefenceAR.app */ = {isa = PBXFileReference; explicitFileType = wrapper.application; includeInIndex = 0; path = TowerDefenceAR.app; sourceTree = BUILT_PRODUCTS_DIR; };
		2286420623F72D5D00E0F4D5 /* AppDelegate.swift */ = {isa = PBXFileReference; lastKnownFileType = sourcecode.swift; path = AppDelegate.swift; sourceTree = "<group>"; };
		2286420823F72D5D00E0F4D5 /* art.scnassets */ = {isa = PBXFileReference; lastKnownFileType = wrapper.scnassets; path = art.scnassets; sourceTree = "<group>"; };
		2286420A23F72D5D00E0F4D5 /* TowerViewController.swift */ = {isa = PBXFileReference; lastKnownFileType = sourcecode.swift; path = TowerViewController.swift; sourceTree = "<group>"; };
		2286420D23F72D5D00E0F4D5 /* Base */ = {isa = PBXFileReference; lastKnownFileType = file.storyboard; name = Base; path = Base.lproj/Main.storyboard; sourceTree = "<group>"; };
		2286420F23F72D6100E0F4D5 /* Assets.xcassets */ = {isa = PBXFileReference; lastKnownFileType = folder.assetcatalog; path = Assets.xcassets; sourceTree = "<group>"; };
		2286421223F72D6100E0F4D5 /* Base */ = {isa = PBXFileReference; lastKnownFileType = file.storyboard; name = Base; path = Base.lproj/LaunchScreen.storyboard; sourceTree = "<group>"; };
		2286421423F72D6100E0F4D5 /* Info.plist */ = {isa = PBXFileReference; lastKnownFileType = text.plist.xml; path = Info.plist; sourceTree = "<group>"; };
		2286421C23F72F2300E0F4D5 /* Tower.swift */ = {isa = PBXFileReference; lastKnownFileType = sourcecode.swift; path = Tower.swift; sourceTree = "<group>"; };
		2286421E23F72FA400E0F4D5 /* Ghost.swift */ = {isa = PBXFileReference; lastKnownFileType = sourcecode.swift; path = Ghost.swift; sourceTree = "<group>"; };
		2286422123F7302C00E0F4D5 /* ImpactFeedback.swift */ = {isa = PBXFileReference; lastKnownFileType = sourcecode.swift; path = ImpactFeedback.swift; sourceTree = "<group>"; };
		2286422923F735DA00E0F4D5 /* TowerDefenceARViewDelegate.swift */ = {isa = PBXFileReference; lastKnownFileType = sourcecode.swift; path = TowerDefenceARViewDelegate.swift; sourceTree = "<group>"; };
		2286422B23F736A300E0F4D5 /* TowerDefenceScene.swift */ = {isa = PBXFileReference; lastKnownFileType = sourcecode.swift; path = TowerDefenceScene.swift; sourceTree = "<group>"; };
		2286422F23FB1BC800E0F4D5 /* SCNReferenceNode.swift */ = {isa = PBXFileReference; lastKnownFileType = sourcecode.swift; path = SCNReferenceNode.swift; sourceTree = "<group>"; };
		82262CDE23FF07B200D8A836 /* Music.swift */ = {isa = PBXFileReference; lastKnownFileType = sourcecode.swift; path = Music.swift; sourceTree = "<group>"; };
		82262CE223FF08C500D8A836 /* ghost.mp3 */ = {isa = PBXFileReference; lastKnownFileType = audio.mp3; path = ghost.mp3; sourceTree = "<group>"; };
		8251E24023FEF92A006F3ED8 /* Score.swift */ = {isa = PBXFileReference; lastKnownFileType = sourcecode.swift; path = Score.swift; sourceTree = "<group>"; };
		8251E24323FF0006006F3ED8 /* UserDefault.swift */ = {isa = PBXFileReference; lastKnownFileType = sourcecode.swift; path = UserDefault.swift; sourceTree = "<group>"; };
		8251E24523FF0315006F3ED8 /* HighScore.swift */ = {isa = PBXFileReference; lastKnownFileType = sourcecode.swift; path = HighScore.swift; sourceTree = "<group>"; };
/* End PBXFileReference section */

/* Begin PBXFrameworksBuildPhase section */
		2286420023F72D5D00E0F4D5 /* Frameworks */ = {
			isa = PBXFrameworksBuildPhase;
			buildActionMask = 2147483647;
			files = (
			);
			runOnlyForDeploymentPostprocessing = 0;
		};
/* End PBXFrameworksBuildPhase section */

/* Begin PBXGroup section */
		2282714A23FF180400061B65 /* Scenes */ = {
			isa = PBXGroup;
			children = (
				2282714B23FF180F00061B65 /* TowerDefence */,
			);
			path = Scenes;
			sourceTree = "<group>";
		};
		2282714B23FF180F00061B65 /* TowerDefence */ = {
			isa = PBXGroup;
			children = (
				2286422B23F736A300E0F4D5 /* TowerDefenceScene.swift */,
			);
			path = TowerDefence;
			sourceTree = "<group>";
		};
		228641FA23F72D5D00E0F4D5 = {
			isa = PBXGroup;
			children = (
				2286420523F72D5D00E0F4D5 /* TowerDefenceAR */,
				2286420423F72D5D00E0F4D5 /* Products */,
			);
			sourceTree = "<group>";
		};
		2286420423F72D5D00E0F4D5 /* Products */ = {
			isa = PBXGroup;
			children = (
				2286420323F72D5D00E0F4D5 /* TowerDefenceAR.app */,
			);
			name = Products;
			sourceTree = "<group>";
		};
		2286420523F72D5D00E0F4D5 /* TowerDefenceAR */ = {
			isa = PBXGroup;
			children = (
				2286420623F72D5D00E0F4D5 /* AppDelegate.swift */,
				82262CE023FF08B100D8A836 /* Assets */,
				8251E24223FEFFEE006F3ED8 /* Utils */,
				2286422E23FB1BA500E0F4D5 /* Extensions */,
				2286422023F7301900E0F4D5 /* Helpers */,
				2286421B23F72F0F00E0F4D5 /* Model */,
				2286422623F7341600E0F4D5 /* Scene */,
				2286422323F7335200E0F4D5 /* Controller */,
				2286422423F7339C00E0F4D5 /* View */,
				2286421423F72D6100E0F4D5 /* Info.plist */,
				2286420F23F72D6100E0F4D5 /* Assets.xcassets */,
				2286420823F72D5D00E0F4D5 /* art.scnassets */,
			);
			path = TowerDefenceAR;
			sourceTree = "<group>";
		};
		2286421B23F72F0F00E0F4D5 /* Model */ = {
			isa = PBXGroup;
			children = (
				2286421C23F72F2300E0F4D5 /* Tower.swift */,
				2286421E23F72FA400E0F4D5 /* Ghost.swift */,
			);
			path = Model;
			sourceTree = "<group>";
		};
		2286422023F7301900E0F4D5 /* Helpers */ = {
			isa = PBXGroup;
			children = (
				2286422123F7302C00E0F4D5 /* ImpactFeedback.swift */,
				2221278D23FDBFD60082C1C1 /* Coaching.swift */,
			);
			path = Helpers;
			sourceTree = "<group>";
		};
		2286422323F7335200E0F4D5 /* Controller */ = {
			isa = PBXGroup;
			children = (
				8251E23C23FEF8B5006F3ED8 /* Controllers */,
			);
			path = Controller;
			sourceTree = "<group>";
		};
		2286422423F7339C00E0F4D5 /* View */ = {
			isa = PBXGroup;
			children = (
				8251E23E23FEF8FE006F3ED8 /* Views */,
				2286422523F733A800E0F4D5 /* Storyboard */,
			);
			path = View;
			sourceTree = "<group>";
		};
		2286422523F733A800E0F4D5 /* Storyboard */ = {
			isa = PBXGroup;
			children = (
				2286420C23F72D5D00E0F4D5 /* Main.storyboard */,
				2286421123F72D6100E0F4D5 /* LaunchScreen.storyboard */,
			);
			path = Storyboard;
			sourceTree = "<group>";
		};
		2286422623F7341600E0F4D5 /* Scene */ = {
			isa = PBXGroup;
			children = (
				2286422823F7351D00E0F4D5 /* Components */,
				2282714A23FF180400061B65 /* Scenes */,
			);
			path = Scene;
			sourceTree = "<group>";
		};
		2286422823F7351D00E0F4D5 /* Components */ = {
			isa = PBXGroup;
			children = (
				8251E23D23FEF8C1006F3ED8 /* TowerDefence */,
			);
			path = Components;
			sourceTree = "<group>";
		};
		2286422E23FB1BA500E0F4D5 /* Extensions */ = {
			isa = PBXGroup;
			children = (
				2286422F23FB1BC800E0F4D5 /* SCNReferenceNode.swift */,
			);
			path = Extensions;
			sourceTree = "<group>";
		};
		82262CE023FF08B100D8A836 /* Assets */ = {
			isa = PBXGroup;
			children = (
				82262CE123FF08B600D8A836 /* Music */,
			);
			path = Assets;
			sourceTree = "<group>";
		};
		82262CE123FF08B600D8A836 /* Music */ = {
			isa = PBXGroup;
			children = (
				82262CE223FF08C500D8A836 /* ghost.mp3 */,
			);
			path = Music;
			sourceTree = "<group>";
		};
		8251E23C23FEF8B5006F3ED8 /* Controllers */ = {
			isa = PBXGroup;
			children = (
				2286420A23F72D5D00E0F4D5 /* TowerViewController.swift */,
			);
			path = Controllers;
			sourceTree = "<group>";
		};
		8251E23D23FEF8C1006F3ED8 /* TowerDefence */ = {
			isa = PBXGroup;
			children = (
				2286422923F735DA00E0F4D5 /* TowerDefenceARViewDelegate.swift */,
			);
			path = TowerDefence;
			sourceTree = "<group>";
		};
		8251E23E23FEF8FE006F3ED8 /* Views */ = {
			isa = PBXGroup;
			children = (
				8251E23F23FEF911006F3ED8 /* Labels */,
			);
			path = Views;
			sourceTree = "<group>";
		};
		8251E23F23FEF911006F3ED8 /* Labels */ = {
			isa = PBXGroup;
			children = (
				8251E24023FEF92A006F3ED8 /* Score.swift */,
				8251E24523FF0315006F3ED8 /* HighScore.swift */,
			);
			path = Labels;
			sourceTree = "<group>";
		};
		8251E24223FEFFEE006F3ED8 /* Utils */ = {
			isa = PBXGroup;
			children = (
				82262CDE23FF07B200D8A836 /* Music.swift */,
				8251E24323FF0006006F3ED8 /* UserDefault.swift */,
			);
			path = Utils;
			sourceTree = "<group>";
		};
/* End PBXGroup section */

/* Begin PBXNativeTarget section */
		2286420223F72D5D00E0F4D5 /* TowerDefenceAR */ = {
			isa = PBXNativeTarget;
			buildConfigurationList = 2286421723F72D6100E0F4D5 /* Build configuration list for PBXNativeTarget "TowerDefenceAR" */;
			buildPhases = (
				228641FF23F72D5D00E0F4D5 /* Sources */,
				2286420023F72D5D00E0F4D5 /* Frameworks */,
				2286420123F72D5D00E0F4D5 /* Resources */,
			);
			buildRules = (
			);
			dependencies = (
			);
			name = TowerDefenceAR;
			productName = TowerDefenceAR;
			productReference = 2286420323F72D5D00E0F4D5 /* TowerDefenceAR.app */;
			productType = "com.apple.product-type.application";
		};
/* End PBXNativeTarget section */

/* Begin PBXProject section */
		228641FB23F72D5D00E0F4D5 /* Project object */ = {
			isa = PBXProject;
			attributes = {
				LastSwiftUpdateCheck = 1130;
				LastUpgradeCheck = 1130;
				ORGANIZATIONNAME = "Victor Falcetta do Nascimento";
				TargetAttributes = {
					2286420223F72D5D00E0F4D5 = {
						CreatedOnToolsVersion = 11.3;
					};
				};
			};
			buildConfigurationList = 228641FE23F72D5D00E0F4D5 /* Build configuration list for PBXProject "TowerDefenceAR" */;
			compatibilityVersion = "Xcode 9.3";
			developmentRegion = en;
			hasScannedForEncodings = 0;
			knownRegions = (
				en,
				Base,
			);
			mainGroup = 228641FA23F72D5D00E0F4D5;
			productRefGroup = 2286420423F72D5D00E0F4D5 /* Products */;
			projectDirPath = "";
			projectRoot = "";
			targets = (
				2286420223F72D5D00E0F4D5 /* TowerDefenceAR */,
			);
		};
/* End PBXProject section */

/* Begin PBXResourcesBuildPhase section */
		2286420123F72D5D00E0F4D5 /* Resources */ = {
			isa = PBXResourcesBuildPhase;
			buildActionMask = 2147483647;
			files = (
				2286420923F72D5D00E0F4D5 /* art.scnassets in Resources */,
				82262CE323FF08C500D8A836 /* ghost.mp3 in Resources */,
				2286421323F72D6100E0F4D5 /* LaunchScreen.storyboard in Resources */,
				2286421023F72D6100E0F4D5 /* Assets.xcassets in Resources */,
				2286420E23F72D5D00E0F4D5 /* Main.storyboard in Resources */,
			);
			runOnlyForDeploymentPostprocessing = 0;
		};
/* End PBXResourcesBuildPhase section */

/* Begin PBXSourcesBuildPhase section */
		228641FF23F72D5D00E0F4D5 /* Sources */ = {
			isa = PBXSourcesBuildPhase;
			buildActionMask = 2147483647;
			files = (
				2221278E23FDBFD60082C1C1 /* Coaching.swift in Sources */,
				82262CDF23FF07B200D8A836 /* Music.swift in Sources */,
				2286422A23F735DA00E0F4D5 /* TowerDefenceARViewDelegate.swift in Sources */,
				2286421D23F72F2300E0F4D5 /* Tower.swift in Sources */,
				8251E24423FF0006006F3ED8 /* UserDefault.swift in Sources */,
				2286423023FB1BC800E0F4D5 /* SCNReferenceNode.swift in Sources */,
				8251E24123FEF92A006F3ED8 /* Score.swift in Sources */,
				2286420B23F72D5D00E0F4D5 /* TowerViewController.swift in Sources */,
				2286420723F72D5D00E0F4D5 /* AppDelegate.swift in Sources */,
				2286422223F7302C00E0F4D5 /* ImpactFeedback.swift in Sources */,
				2286422C23F736A300E0F4D5 /* TowerDefenceScene.swift in Sources */,
				8251E24623FF0315006F3ED8 /* HighScore.swift in Sources */,
				2286421F23F72FA400E0F4D5 /* Ghost.swift in Sources */,
			);
			runOnlyForDeploymentPostprocessing = 0;
		};
/* End PBXSourcesBuildPhase section */

/* Begin PBXVariantGroup section */
		2286420C23F72D5D00E0F4D5 /* Main.storyboard */ = {
			isa = PBXVariantGroup;
			children = (
				2286420D23F72D5D00E0F4D5 /* Base */,
			);
			name = Main.storyboard;
			sourceTree = "<group>";
		};
		2286421123F72D6100E0F4D5 /* LaunchScreen.storyboard */ = {
			isa = PBXVariantGroup;
			children = (
				2286421223F72D6100E0F4D5 /* Base */,
			);
			name = LaunchScreen.storyboard;
			sourceTree = "<group>";
		};
/* End PBXVariantGroup section */

/* Begin XCBuildConfiguration section */
		2286421523F72D6100E0F4D5 /* Debug */ = {
			isa = XCBuildConfiguration;
			buildSettings = {
				ALWAYS_SEARCH_USER_PATHS = NO;
				CLANG_ANALYZER_NONNULL = YES;
				CLANG_ANALYZER_NUMBER_OBJECT_CONVERSION = YES_AGGRESSIVE;
				CLANG_CXX_LANGUAGE_STANDARD = "gnu++14";
				CLANG_CXX_LIBRARY = "libc++";
				CLANG_ENABLE_MODULES = YES;
				CLANG_ENABLE_OBJC_ARC = YES;
				CLANG_ENABLE_OBJC_WEAK = YES;
				CLANG_WARN_BLOCK_CAPTURE_AUTORELEASING = YES;
				CLANG_WARN_BOOL_CONVERSION = YES;
				CLANG_WARN_COMMA = YES;
				CLANG_WARN_CONSTANT_CONVERSION = YES;
				CLANG_WARN_DEPRECATED_OBJC_IMPLEMENTATIONS = YES;
				CLANG_WARN_DIRECT_OBJC_ISA_USAGE = YES_ERROR;
				CLANG_WARN_DOCUMENTATION_COMMENTS = YES;
				CLANG_WARN_EMPTY_BODY = YES;
				CLANG_WARN_ENUM_CONVERSION = YES;
				CLANG_WARN_INFINITE_RECURSION = YES;
				CLANG_WARN_INT_CONVERSION = YES;
				CLANG_WARN_NON_LITERAL_NULL_CONVERSION = YES;
				CLANG_WARN_OBJC_IMPLICIT_RETAIN_SELF = YES;
				CLANG_WARN_OBJC_LITERAL_CONVERSION = YES;
				CLANG_WARN_OBJC_ROOT_CLASS = YES_ERROR;
				CLANG_WARN_RANGE_LOOP_ANALYSIS = YES;
				CLANG_WARN_STRICT_PROTOTYPES = YES;
				CLANG_WARN_SUSPICIOUS_MOVE = YES;
				CLANG_WARN_UNGUARDED_AVAILABILITY = YES_AGGRESSIVE;
				CLANG_WARN_UNREACHABLE_CODE = YES;
				CLANG_WARN__DUPLICATE_METHOD_MATCH = YES;
				COPY_PHASE_STRIP = NO;
				DEBUG_INFORMATION_FORMAT = dwarf;
				ENABLE_STRICT_OBJC_MSGSEND = YES;
				ENABLE_TESTABILITY = YES;
				GCC_C_LANGUAGE_STANDARD = gnu11;
				GCC_DYNAMIC_NO_PIC = NO;
				GCC_NO_COMMON_BLOCKS = YES;
				GCC_OPTIMIZATION_LEVEL = 0;
				GCC_PREPROCESSOR_DEFINITIONS = (
					"DEBUG=1",
					"$(inherited)",
				);
				GCC_WARN_64_TO_32_BIT_CONVERSION = YES;
				GCC_WARN_ABOUT_RETURN_TYPE = YES_ERROR;
				GCC_WARN_UNDECLARED_SELECTOR = YES;
				GCC_WARN_UNINITIALIZED_AUTOS = YES_AGGRESSIVE;
				GCC_WARN_UNUSED_FUNCTION = YES;
				GCC_WARN_UNUSED_VARIABLE = YES;
				IPHONEOS_DEPLOYMENT_TARGET = 13.2;
				MTL_ENABLE_DEBUG_INFO = INCLUDE_SOURCE;
				MTL_FAST_MATH = YES;
				ONLY_ACTIVE_ARCH = YES;
				SDKROOT = iphoneos;
				SWIFT_ACTIVE_COMPILATION_CONDITIONS = DEBUG;
				SWIFT_OPTIMIZATION_LEVEL = "-Onone";
			};
			name = Debug;
		};
		2286421623F72D6100E0F4D5 /* Release */ = {
			isa = XCBuildConfiguration;
			buildSettings = {
				ALWAYS_SEARCH_USER_PATHS = NO;
				CLANG_ANALYZER_NONNULL = YES;
				CLANG_ANALYZER_NUMBER_OBJECT_CONVERSION = YES_AGGRESSIVE;
				CLANG_CXX_LANGUAGE_STANDARD = "gnu++14";
				CLANG_CXX_LIBRARY = "libc++";
				CLANG_ENABLE_MODULES = YES;
				CLANG_ENABLE_OBJC_ARC = YES;
				CLANG_ENABLE_OBJC_WEAK = YES;
				CLANG_WARN_BLOCK_CAPTURE_AUTORELEASING = YES;
				CLANG_WARN_BOOL_CONVERSION = YES;
				CLANG_WARN_COMMA = YES;
				CLANG_WARN_CONSTANT_CONVERSION = YES;
				CLANG_WARN_DEPRECATED_OBJC_IMPLEMENTATIONS = YES;
				CLANG_WARN_DIRECT_OBJC_ISA_USAGE = YES_ERROR;
				CLANG_WARN_DOCUMENTATION_COMMENTS = YES;
				CLANG_WARN_EMPTY_BODY = YES;
				CLANG_WARN_ENUM_CONVERSION = YES;
				CLANG_WARN_INFINITE_RECURSION = YES;
				CLANG_WARN_INT_CONVERSION = YES;
				CLANG_WARN_NON_LITERAL_NULL_CONVERSION = YES;
				CLANG_WARN_OBJC_IMPLICIT_RETAIN_SELF = YES;
				CLANG_WARN_OBJC_LITERAL_CONVERSION = YES;
				CLANG_WARN_OBJC_ROOT_CLASS = YES_ERROR;
				CLANG_WARN_RANGE_LOOP_ANALYSIS = YES;
				CLANG_WARN_STRICT_PROTOTYPES = YES;
				CLANG_WARN_SUSPICIOUS_MOVE = YES;
				CLANG_WARN_UNGUARDED_AVAILABILITY = YES_AGGRESSIVE;
				CLANG_WARN_UNREACHABLE_CODE = YES;
				CLANG_WARN__DUPLICATE_METHOD_MATCH = YES;
				COPY_PHASE_STRIP = NO;
				DEBUG_INFORMATION_FORMAT = "dwarf-with-dsym";
				ENABLE_NS_ASSERTIONS = NO;
				ENABLE_STRICT_OBJC_MSGSEND = YES;
				GCC_C_LANGUAGE_STANDARD = gnu11;
				GCC_NO_COMMON_BLOCKS = YES;
				GCC_WARN_64_TO_32_BIT_CONVERSION = YES;
				GCC_WARN_ABOUT_RETURN_TYPE = YES_ERROR;
				GCC_WARN_UNDECLARED_SELECTOR = YES;
				GCC_WARN_UNINITIALIZED_AUTOS = YES_AGGRESSIVE;
				GCC_WARN_UNUSED_FUNCTION = YES;
				GCC_WARN_UNUSED_VARIABLE = YES;
				IPHONEOS_DEPLOYMENT_TARGET = 13.2;
				MTL_ENABLE_DEBUG_INFO = NO;
				MTL_FAST_MATH = YES;
				SDKROOT = iphoneos;
				SWIFT_COMPILATION_MODE = wholemodule;
				SWIFT_OPTIMIZATION_LEVEL = "-O";
				VALIDATE_PRODUCT = YES;
			};
			name = Release;
		};
		2286421823F72D6100E0F4D5 /* Debug */ = {
			isa = XCBuildConfiguration;
			buildSettings = {
				ASSETCATALOG_COMPILER_APPICON_NAME = AppIcon;
				CODE_SIGN_STYLE = Automatic;
				DEVELOPMENT_TEAM = 4LXC4A87QZ;
				INFOPLIST_FILE = TowerDefenceAR/Info.plist;
				LD_RUNPATH_SEARCH_PATHS = (
					"$(inherited)",
					"@executable_path/Frameworks",
				);
				PRODUCT_BUNDLE_IDENTIFIER = com.victorfalcetta.TowerDefenceAR;
				PRODUCT_NAME = "$(TARGET_NAME)";
				SWIFT_VERSION = 5.0;
				TARGETED_DEVICE_FAMILY = 1;
			};
			name = Debug;
		};
		2286421923F72D6100E0F4D5 /* Release */ = {
			isa = XCBuildConfiguration;
			buildSettings = {
				ASSETCATALOG_COMPILER_APPICON_NAME = AppIcon;
				CODE_SIGN_STYLE = Automatic;
				DEVELOPMENT_TEAM = 4LXC4A87QZ;
				INFOPLIST_FILE = TowerDefenceAR/Info.plist;
				LD_RUNPATH_SEARCH_PATHS = (
					"$(inherited)",
					"@executable_path/Frameworks",
				);
				PRODUCT_BUNDLE_IDENTIFIER = com.victorfalcetta.TowerDefenceAR;
				PRODUCT_NAME = "$(TARGET_NAME)";
				SWIFT_VERSION = 5.0;
				TARGETED_DEVICE_FAMILY = 1;
			};
			name = Release;
		};
/* End XCBuildConfiguration section */

/* Begin XCConfigurationList section */
		228641FE23F72D5D00E0F4D5 /* Build configuration list for PBXProject "TowerDefenceAR" */ = {
			isa = XCConfigurationList;
			buildConfigurations = (
				2286421523F72D6100E0F4D5 /* Debug */,
				2286421623F72D6100E0F4D5 /* Release */,
			);
			defaultConfigurationIsVisible = 0;
			defaultConfigurationName = Release;
		};
		2286421723F72D6100E0F4D5 /* Build configuration list for PBXNativeTarget "TowerDefenceAR" */ = {
			isa = XCConfigurationList;
			buildConfigurations = (
				2286421823F72D6100E0F4D5 /* Debug */,
				2286421923F72D6100E0F4D5 /* Release */,
			);
			defaultConfigurationIsVisible = 0;
			defaultConfigurationName = Release;
		};
/* End XCConfigurationList section */
	};
	rootObject = 228641FB23F72D5D00E0F4D5 /* Project object */;
}
